
Microsoft Visual Studio Solution File, Format Version 12.00
# Visual Studio 15
VisualStudioVersion = 15.0.28307.852
MinimumVisualStudioVersion = 10.0.40219.1
Project("{FAE04EC0-301F-11D3-BF4B-00C04F79EFBC}") = "GameSphere", "GameSphere\GameSphere.csproj", "{81D405B8-5C63-4917-BBD3-3ED7F9F520D6}"
EndProject
Global
	GlobalSection(SolutionConfigurationPlatforms) = preSolution
		Debug|Any CPU = Debug|Any CPU
		Release|Any CPU = Release|Any CPU
	EndGlobalSection
	GlobalSection(ProjectConfigurationPlatforms) = postSolution
		{81D405B8-5C63-4917-BBD3-3ED7F9F520D6}.Debug|Any CPU.ActiveCfg = Debug|Any CPU
		{81D405B8-5C63-4917-BBD3-3ED7F9F520D6}.Debug|Any CPU.Build.0 = Debug|Any CPU
		{81D405B8-5C63-4917-BBD3-3ED7F9F520D6}.Release|Any CPU.ActiveCfg = Release|Any CPU
		{81D405B8-5C63-4917-BBD3-3ED7F9F520D6}.Release|Any CPU.Build.0 = Release|Any CPU
	EndGlobalSection
	GlobalSection(SolutionProperties) = preSolution
		HideSolutionNode = FALSE
	EndGlobalSection
	GlobalSection(ExtensibilityGlobals) = postSolution
		SolutionGuid = {5D22B19F-5EB4-4869-8A37-2761CD9C301D}
	EndGlobalSection
EndGlobal
